# This file is autogenerated, do not edit; changes may be undone by the next 'dep ensure'.


[[projects]]
  digest = "1:ed6e66689fa73474a3a1b73d9b7f749adc5b4408b55ed338dc7077bf8fc2f0db"
  name = "github.com/matryer/is"
  packages = ["."]
  pruneopts = "NUT"
  revision = "5f0030ca4decdf2e702be47575d88eabf610593e"
  version = "v1.1.0"

[solve-meta]
  analyzer-name = "dep"
  analyzer-version = 1
  input-imports = ["github.com/matryer/is"]
  solver-name = "gps-cdcl"
  solver-version = 1
